
Microsoft Visual Studio Solution File, Format Version 12.00
# Visual Studio Version 17
VisualStudioVersion = 17.7.34221.43
MinimumVisualStudioVersion = 10.0.40219.1
Project("{2150E333-8FDC-42A3-9474-1A3956D46DE8}") = "1.Enterprise Business Rules", "1.Enterprise Business Rules", "{4C7D354A-7ED9-4CD5-96AB-A27B3EA97987}"
EndProject
Project("{2150E333-8FDC-42A3-9474-1A3956D46DE8}") = "2.Application Business Rules", "2.Application Business Rules", "{412841EE-76C8-41A6-B557-0FE3A39CE8EE}"
EndProject
Project("{2150E333-8FDC-42A3-9474-1A3956D46DE8}") = "3.Interface Adapters", "3.Interface Adapters", "{D9EEFB09-C2B7-4AB4-ABD9-1A2E53FA8D15}"
EndProject
Project("{2150E333-8FDC-42A3-9474-1A3956D46DE8}") = "4.Frameworks And Drivers", "4.Frameworks And Drivers", "{5AC29B0E-74E7-4F2A-883E-84541F59086B}"
EndProject
Project("{9A19103F-16F7-4668-BE54-9A1E7A4F7556}") = "NorthWind.Sales.Entities", "NorthWind.Sales.Entities\NorthWind.Sales.Entities.csproj", "{868453B2-9648-4682-8189-87E472061160}"
EndProject
Project("{9A19103F-16F7-4668-BE54-9A1E7A4F7556}") = "NorthWind.Sales.Backend.BusinessObjects", "NorthWind.Sales.Backend.BusinessObject\NorthWind.Sales.Backend.BusinessObjects.csproj", "{9254FAB7-570C-4A1A-853C-3C7248260CDE}"
EndProject
Project("{9A19103F-16F7-4668-BE54-9A1E7A4F7556}") = "NorthWind.Sales.Backend.UseCases", "NorthWind.Sales.Backend.UseCases\NorthWind.Sales.Backend.UseCases.csproj", "{F565107B-6081-4A48-9D49-3F8B26BCEAAC}"
EndProject
Project("{2150E333-8FDC-42A3-9474-1A3956D46DE8}") = "Tests", "Tests", "{0141A33C-A63D-4973-BBD1-1109E0AFCF06}"
EndProject
Project("{9A19103F-16F7-4668-BE54-9A1E7A4F7556}") = "NorthWind.Sales.Backend.UseCases.Tests", "NorthWind.Sales.Backend.UseCases.Tests\NorthWind.Sales.Backend.UseCases.Tests.csproj", "{616D9105-89F6-40B8-9328-8105A1961C9A}"
EndProject
Project("{2150E333-8FDC-42A3-9474-1A3956D46DE8}") = "Gateways", "Gateways", "{1B9BC902-3FEA-420A-86AC-6B34F8E57991}"
EndProject
Project("{2150E333-8FDC-42A3-9474-1A3956D46DE8}") = "Repositories", "Repositories", "{287BC1E6-AB79-40F6-93EB-5273F73956CF}"
EndProject
Project("{9A19103F-16F7-4668-BE54-9A1E7A4F7556}") = "NorthWind.Sales.Backend.EFCore", "NorthWind.Sales.Backend.EFCore\NorthWind.Sales.Backend.EFCore.csproj", "{D59B4645-3F17-459A-8155-3D43D4253ABC}"
EndProject
Project("{2150E333-8FDC-42A3-9474-1A3956D46DE8}") = "Presenters", "Presenters", "{D5045229-6D5C-47C1-A956-419315517EB3}"
EndProject
Project("{9A19103F-16F7-4668-BE54-9A1E7A4F7556}") = "NorthWind.Sales.Backend.Presenters", "NorthWind.Sales.Backend.Presenters\NorthWind.Sales.Backend.Presenters.csproj", "{1528CE45-98BE-423B-8F9C-0AE472BB0EE3}"
EndProject
Project("{2150E333-8FDC-42A3-9474-1A3956D46DE8}") = "Controllers", "Controllers", "{F1F013A3-7908-4932-B5EF-345ED78E72D5}"
EndProject
Project("{9A19103F-16F7-4668-BE54-9A1E7A4F7556}") = "NorthWind.Sales.Backend.Controllers", "NorthWind.Sales.Backend.Controllers\NorthWind.Sales.Backend.Controllers.csproj", "{6BE43F17-197E-4C10-B19D-9CFFAC611D18}"
EndProject
Project("{9A19103F-16F7-4668-BE54-9A1E7A4F7556}") = "NorthWind.Sales.Backend.IoC", "NortWind.Sales.Backedn.IoC\NorthWind.Sales.Backend.IoC.csproj", "{FF04DE89-7E0D-4243-9A29-AD733213E4A0}"
EndProject
Project("{2150E333-8FDC-42A3-9474-1A3956D46DE8}") = "UIs", "UIs", "{FFB82EA6-5ECC-4405-A39C-F661679F5AB9}"
EndProject
Project("{9A19103F-16F7-4668-BE54-9A1E7A4F7556}") = "NorthWind.Sales.WebApi", "NorthWind.Sales.WebApi\NorthWind.Sales.WebApi.csproj", "{96F46614-2A78-4EB8-9BF9-BAA711C9DD24}"
EndProject
Project("{9A19103F-16F7-4668-BE54-9A1E7A4F7556}") = "NorthWind.Sales.Frontend.BusinessObjects", "NorthWind.Sales.Frontend.BusinessObjects\NorthWind.Sales.Frontend.BusinessObjects.csproj", "{2F2710FE-8BF7-4454-9915-F5E6706DB23C}"
EndProject
Project("{2150E333-8FDC-42A3-9474-1A3956D46DE8}") = "WebApiGateways", "WebApiGateways", "{6D632A2F-F4BB-44E2-A723-F0E20E949A64}"
EndProject
Project("{9A19103F-16F7-4668-BE54-9A1E7A4F7556}") = "NorthWind.Sales.Frontend.WebApiGateways", "NorthWind.Sales.Frontend.WebApiGateways\NorthWind.Sales.Frontend.WebApiGateways.csproj", "{80FEC109-0DED-4444-90AB-80EE363671C8}"
EndProject
Project("{2150E333-8FDC-42A3-9474-1A3956D46DE8}") = "Views", "Views", "{0AAABFC7-EE02-43B2-BB42-633FC073C7E1}"
EndProject
Project("{9A19103F-16F7-4668-BE54-9A1E7A4F7556}") = "NorthWind.Sales.Frontend.Views", "NorthWind.Sales.Frontend.Views\NorthWind.Sales.Frontend.Views.csproj", "{4C9D2F86-0DD1-4951-BD73-B045CBE382F5}"
EndProject
Project("{9A19103F-16F7-4668-BE54-9A1E7A4F7556}") = "NorthWind.Sales.Frontend.IoC", "NorthWind.Sales.Frontend.IoC\NorthWind.Sales.Frontend.IoC.csproj", "{C1FFBCAD-A5CF-46D6-B410-542FEEA781CB}"
EndProject
Project("{9A19103F-16F7-4668-BE54-9A1E7A4F7556}") = "NorthWind.Sales.BlazorClient", "NorthWind.Sales.BlazorClient\NorthWind.Sales.BlazorClient.csproj", "{AA12D5BC-59D4-4659-89F1-6483E01377E0}"
EndProject
Project("{9A19103F-16F7-4668-BE54-9A1E7A4F7556}") = "NorthWind.Sales.Entities.Validators", "NorthWind.Sales.Entities.Validators\NorthWind.Sales.Entities.Validators.csproj", "{073D3FEC-EEB8-4D64-AA49-E37B34810A21}"
EndProject
Global
	GlobalSection(SolutionConfigurationPlatforms) = preSolution
		Debug|Any CPU = Debug|Any CPU
		Release|Any CPU = Release|Any CPU
	EndGlobalSection
	GlobalSection(ProjectConfigurationPlatforms) = postSolution
		{868453B2-9648-4682-8189-87E472061160}.Debug|Any CPU.ActiveCfg = Debug|Any CPU
		{868453B2-9648-4682-8189-87E472061160}.Debug|Any CPU.Build.0 = Debug|Any CPU
		{868453B2-9648-4682-8189-87E472061160}.Release|Any CPU.ActiveCfg = Release|Any CPU
		{868453B2-9648-4682-8189-87E472061160}.Release|Any CPU.Build.0 = Release|Any CPU
		{9254FAB7-570C-4A1A-853C-3C7248260CDE}.Debug|Any CPU.ActiveCfg = Debug|Any CPU
		{9254FAB7-570C-4A1A-853C-3C7248260CDE}.Debug|Any CPU.Build.0 = Debug|Any CPU
		{9254FAB7-570C-4A1A-853C-3C7248260CDE}.Release|Any CPU.ActiveCfg = Release|Any CPU
		{9254FAB7-570C-4A1A-853C-3C7248260CDE}.Release|Any CPU.Build.0 = Release|Any CPU
		{F565107B-6081-4A48-9D49-3F8B26BCEAAC}.Debug|Any CPU.ActiveCfg = Debug|Any CPU
		{F565107B-6081-4A48-9D49-3F8B26BCEAAC}.Debug|Any CPU.Build.0 = Debug|Any CPU
		{F565107B-6081-4A48-9D49-3F8B26BCEAAC}.Release|Any CPU.ActiveCfg = Release|Any CPU
		{F565107B-6081-4A48-9D49-3F8B26BCEAAC}.Release|Any CPU.Build.0 = Release|Any CPU
		{616D9105-89F6-40B8-9328-8105A1961C9A}.Debug|Any CPU.ActiveCfg = Debug|Any CPU
		{616D9105-89F6-40B8-9328-8105A1961C9A}.Debug|Any CPU.Build.0 = Debug|Any CPU
		{616D9105-89F6-40B8-9328-8105A1961C9A}.Release|Any CPU.ActiveCfg = Release|Any CPU
		{616D9105-89F6-40B8-9328-8105A1961C9A}.Release|Any CPU.Build.0 = Release|Any CPU
		{D59B4645-3F17-459A-8155-3D43D4253ABC}.Debug|Any CPU.ActiveCfg = Debug|Any CPU
		{D59B4645-3F17-459A-8155-3D43D4253ABC}.Debug|Any CPU.Build.0 = Debug|Any CPU
		{D59B4645-3F17-459A-8155-3D43D4253ABC}.Release|Any CPU.ActiveCfg = Release|Any CPU
		{D59B4645-3F17-459A-8155-3D43D4253ABC}.Release|Any CPU.Build.0 = Release|Any CPU
		{1528CE45-98BE-423B-8F9C-0AE472BB0EE3}.Debug|Any CPU.ActiveCfg = Debug|Any CPU
		{1528CE45-98BE-423B-8F9C-0AE472BB0EE3}.Debug|Any CPU.Build.0 = Debug|Any CPU
		{1528CE45-98BE-423B-8F9C-0AE472BB0EE3}.Release|Any CPU.ActiveCfg = Release|Any CPU
		{1528CE45-98BE-423B-8F9C-0AE472BB0EE3}.Release|Any CPU.Build.0 = Release|Any CPU
		{6BE43F17-197E-4C10-B19D-9CFFAC611D18}.Debug|Any CPU.ActiveCfg = Debug|Any CPU
		{6BE43F17-197E-4C10-B19D-9CFFAC611D18}.Debug|Any CPU.Build.0 = Debug|Any CPU
		{6BE43F17-197E-4C10-B19D-9CFFAC611D18}.Release|Any CPU.ActiveCfg = Release|Any CPU
		{6BE43F17-197E-4C10-B19D-9CFFAC611D18}.Release|Any CPU.Build.0 = Release|Any CPU
		{FF04DE89-7E0D-4243-9A29-AD733213E4A0}.Debug|Any CPU.ActiveCfg = Debug|Any CPU
		{FF04DE89-7E0D-4243-9A29-AD733213E4A0}.Debug|Any CPU.Build.0 = Debug|Any CPU
		{FF04DE89-7E0D-4243-9A29-AD733213E4A0}.Release|Any CPU.ActiveCfg = Release|Any CPU
		{FF04DE89-7E0D-4243-9A29-AD733213E4A0}.Release|Any CPU.Build.0 = Release|Any CPU
		{96F46614-2A78-4EB8-9BF9-BAA711C9DD24}.Debug|Any CPU.ActiveCfg = Debug|Any CPU
		{96F46614-2A78-4EB8-9BF9-BAA711C9DD24}.Debug|Any CPU.Build.0 = Debug|Any CPU
		{96F46614-2A78-4EB8-9BF9-BAA711C9DD24}.Release|Any CPU.ActiveCfg = Release|Any CPU
		{96F46614-2A78-4EB8-9BF9-BAA711C9DD24}.Release|Any CPU.Build.0 = Release|Any CPU
		{2F2710FE-8BF7-4454-9915-F5E6706DB23C}.Debug|Any CPU.ActiveCfg = Debug|Any CPU
		{2F2710FE-8BF7-4454-9915-F5E6706DB23C}.Debug|Any CPU.Build.0 = Debug|Any CPU
		{2F2710FE-8BF7-4454-9915-F5E6706DB23C}.Release|Any CPU.ActiveCfg = Release|Any CPU
		{2F2710FE-8BF7-4454-9915-F5E6706DB23C}.Release|Any CPU.Build.0 = Release|Any CPU
		{80FEC109-0DED-4444-90AB-80EE363671C8}.Debug|Any CPU.ActiveCfg = Debug|Any CPU
		{80FEC109-0DED-4444-90AB-80EE363671C8}.Debug|Any CPU.Build.0 = Debug|Any CPU
		{80FEC109-0DED-4444-90AB-80EE363671C8}.Release|Any CPU.ActiveCfg = Release|Any CPU
		{80FEC109-0DED-4444-90AB-80EE363671C8}.Release|Any CPU.Build.0 = Release|Any CPU
		{4C9D2F86-0DD1-4951-BD73-B045CBE382F5}.Debug|Any CPU.ActiveCfg = Debug|Any CPU
		{4C9D2F86-0DD1-4951-BD73-B045CBE382F5}.Debug|Any CPU.Build.0 = Debug|Any CPU
		{4C9D2F86-0DD1-4951-BD73-B045CBE382F5}.Release|Any CPU.ActiveCfg = Release|Any CPU
		{4C9D2F86-0DD1-4951-BD73-B045CBE382F5}.Release|Any CPU.Build.0 = Release|Any CPU
		{C1FFBCAD-A5CF-46D6-B410-542FEEA781CB}.Debug|Any CPU.ActiveCfg = Debug|Any CPU
		{C1FFBCAD-A5CF-46D6-B410-542FEEA781CB}.Debug|Any CPU.Build.0 = Debug|Any CPU
		{C1FFBCAD-A5CF-46D6-B410-542FEEA781CB}.Release|Any CPU.ActiveCfg = Release|Any CPU
		{C1FFBCAD-A5CF-46D6-B410-542FEEA781CB}.Release|Any CPU.Build.0 = Release|Any CPU
		{AA12D5BC-59D4-4659-89F1-6483E01377E0}.Debug|Any CPU.ActiveCfg = Debug|Any CPU
		{AA12D5BC-59D4-4659-89F1-6483E01377E0}.Debug|Any CPU.Build.0 = Debug|Any CPU
		{AA12D5BC-59D4-4659-89F1-6483E01377E0}.Release|Any CPU.ActiveCfg = Release|Any CPU
		{AA12D5BC-59D4-4659-89F1-6483E01377E0}.Release|Any CPU.Build.0 = Release|Any CPU
		{073D3FEC-EEB8-4D64-AA49-E37B34810A21}.Debug|Any CPU.ActiveCfg = Debug|Any CPU
		{073D3FEC-EEB8-4D64-AA49-E37B34810A21}.Debug|Any CPU.Build.0 = Debug|Any CPU
		{073D3FEC-EEB8-4D64-AA49-E37B34810A21}.Release|Any CPU.ActiveCfg = Release|Any CPU
		{073D3FEC-EEB8-4D64-AA49-E37B34810A21}.Release|Any CPU.Build.0 = Release|Any CPU
	EndGlobalSection
	GlobalSection(SolutionProperties) = preSolution
		HideSolutionNode = FALSE
	EndGlobalSection
	GlobalSection(NestedProjects) = preSolution
		{868453B2-9648-4682-8189-87E472061160} = {4C7D354A-7ED9-4CD5-96AB-A27B3EA97987}
		{9254FAB7-570C-4A1A-853C-3C7248260CDE} = {412841EE-76C8-41A6-B557-0FE3A39CE8EE}
		{F565107B-6081-4A48-9D49-3F8B26BCEAAC} = {412841EE-76C8-41A6-B557-0FE3A39CE8EE}
		{616D9105-89F6-40B8-9328-8105A1961C9A} = {0141A33C-A63D-4973-BBD1-1109E0AFCF06}
		{1B9BC902-3FEA-420A-86AC-6B34F8E57991} = {D9EEFB09-C2B7-4AB4-ABD9-1A2E53FA8D15}
		{287BC1E6-AB79-40F6-93EB-5273F73956CF} = {1B9BC902-3FEA-420A-86AC-6B34F8E57991}
		{D59B4645-3F17-459A-8155-3D43D4253ABC} = {287BC1E6-AB79-40F6-93EB-5273F73956CF}
		{D5045229-6D5C-47C1-A956-419315517EB3} = {D9EEFB09-C2B7-4AB4-ABD9-1A2E53FA8D15}
		{1528CE45-98BE-423B-8F9C-0AE472BB0EE3} = {D5045229-6D5C-47C1-A956-419315517EB3}
		{F1F013A3-7908-4932-B5EF-345ED78E72D5} = {D9EEFB09-C2B7-4AB4-ABD9-1A2E53FA8D15}
		{6BE43F17-197E-4C10-B19D-9CFFAC611D18} = {F1F013A3-7908-4932-B5EF-345ED78E72D5}
		{FF04DE89-7E0D-4243-9A29-AD733213E4A0} = {D9EEFB09-C2B7-4AB4-ABD9-1A2E53FA8D15}
		{FFB82EA6-5ECC-4405-A39C-F661679F5AB9} = {5AC29B0E-74E7-4F2A-883E-84541F59086B}
		{96F46614-2A78-4EB8-9BF9-BAA711C9DD24} = {FFB82EA6-5ECC-4405-A39C-F661679F5AB9}
		{2F2710FE-8BF7-4454-9915-F5E6706DB23C} = {412841EE-76C8-41A6-B557-0FE3A39CE8EE}
		{6D632A2F-F4BB-44E2-A723-F0E20E949A64} = {1B9BC902-3FEA-420A-86AC-6B34F8E57991}
		{80FEC109-0DED-4444-90AB-80EE363671C8} = {6D632A2F-F4BB-44E2-A723-F0E20E949A64}
		{0AAABFC7-EE02-43B2-BB42-633FC073C7E1} = {D9EEFB09-C2B7-4AB4-ABD9-1A2E53FA8D15}
		{4C9D2F86-0DD1-4951-BD73-B045CBE382F5} = {0AAABFC7-EE02-43B2-BB42-633FC073C7E1}
		{C1FFBCAD-A5CF-46D6-B410-542FEEA781CB} = {D9EEFB09-C2B7-4AB4-ABD9-1A2E53FA8D15}
		{AA12D5BC-59D4-4659-89F1-6483E01377E0} = {FFB82EA6-5ECC-4405-A39C-F661679F5AB9}
		{073D3FEC-EEB8-4D64-AA49-E37B34810A21} = {4C7D354A-7ED9-4CD5-96AB-A27B3EA97987}
	EndGlobalSection
	GlobalSection(ExtensibilityGlobals) = postSolution
		SolutionGuid = {198C25AF-E798-4AFA-B1CA-F923686F42B8}
	EndGlobalSection
EndGlobal
